// !$*UTF8*$!
{
	archiveVersion = 1;
	classes = {
	};
	objectVersion = 46;
	objects = {

/* Begin PBXBuildFile section */
		C9F6E9161B02BA2D008D9911 /* AppDelegate.swift in Sources */ = {isa = PBXBuildFile; fileRef = C9F6E9151B02BA2D008D9911 /* AppDelegate.swift */; };
		C9F6E9191B02BA2D008D9911 /* BoomDate.xcdatamodeld in Sources */ = {isa = PBXBuildFile; fileRef = C9F6E9171B02BA2D008D9911 /* BoomDate.xcdatamodeld */; };
		C9F6E91B1B02BA2D008D9911 /* ViewController.swift in Sources */ = {isa = PBXBuildFile; fileRef = C9F6E91A1B02BA2D008D9911 /* ViewController.swift */; };
		C9F6E91E1B02BA2D008D9911 /* Main.storyboard in Resources */ = {isa = PBXBuildFile; fileRef = C9F6E91C1B02BA2D008D9911 /* Main.storyboard */; };
		C9F6E9201B02BA2D008D9911 /* Images.xcassets in Resources */ = {isa = PBXBuildFile; fileRef = C9F6E91F1B02BA2D008D9911 /* Images.xcassets */; };
		C9F6E9231B02BA2D008D9911 /* LaunchScreen.xib in Resources */ = {isa = PBXBuildFile; fileRef = C9F6E9211B02BA2D008D9911 /* LaunchScreen.xib */; };
		C9F6E92F1B02BA2D008D9911 /* BoomDateTests.swift in Sources */ = {isa = PBXBuildFile; fileRef = C9F6E92E1B02BA2D008D9911 /* BoomDateTests.swift */; };
		C9F6E93A1B02BBEB008D9911 /* CardView.swift in Sources */ = {isa = PBXBuildFile; fileRef = C9F6E9391B02BBEB008D9911 /* CardView.swift */; };
		C9F6E93C1B02CD81008D9911 /* SwipeView.swift in Sources */ = {isa = PBXBuildFile; fileRef = C9F6E93B1B02CD81008D9911 /* SwipeView.swift */; };
		C9F6E93F1B0451F4008D9911 /* CardsViewController.swift in Sources */ = {isa = PBXBuildFile; fileRef = C9F6E93E1B0451F4008D9911 /* CardsViewController.swift */; };
		C9F6E9421B05119A008D9911 /* Bolts.framework in Frameworks */ = {isa = PBXBuildFile; fileRef = C9F6E9401B05119A008D9911 /* Bolts.framework */; };
		C9F6E9431B05119A008D9911 /* Parse.framework in Frameworks */ = {isa = PBXBuildFile; fileRef = C9F6E9411B05119A008D9911 /* Parse.framework */; };
		C9F6E9451B0511BE008D9911 /* AudioToolbox.framework in Frameworks */ = {isa = PBXBuildFile; fileRef = C9F6E9441B0511BE008D9911 /* AudioToolbox.framework */; };
		C9F6E9471B0511CF008D9911 /* CFNetwork.framework in Frameworks */ = {isa = PBXBuildFile; fileRef = C9F6E9461B0511CF008D9911 /* CFNetwork.framework */; };
		C9F6E9491B0511EB008D9911 /* CoreGraphics.framework in Frameworks */ = {isa = PBXBuildFile; fileRef = C9F6E9481B0511EB008D9911 /* CoreGraphics.framework */; };
		C9F6E94B1B0511F2008D9911 /* CoreLocation.framework in Frameworks */ = {isa = PBXBuildFile; fileRef = C9F6E94A1B0511F2008D9911 /* CoreLocation.framework */; };
		C9F6E94D1B0511F8008D9911 /* MobileCoreServices.framework in Frameworks */ = {isa = PBXBuildFile; fileRef = C9F6E94C1B0511F8008D9911 /* MobileCoreServices.framework */; };
		C9F6E94F1B0511FD008D9911 /* QuartzCore.framework in Frameworks */ = {isa = PBXBuildFile; fileRef = C9F6E94E1B0511FD008D9911 /* QuartzCore.framework */; };
		C9F6E9511B051203008D9911 /* Security.framework in Frameworks */ = {isa = PBXBuildFile; fileRef = C9F6E9501B051203008D9911 /* Security.framework */; };
		C9F6E9531B05120B008D9911 /* StoreKit.framework in Frameworks */ = {isa = PBXBuildFile; fileRef = C9F6E9521B05120B008D9911 /* StoreKit.framework */; };
		C9F6E9551B051220008D9911 /* SystemConfiguration.framework in Frameworks */ = {isa = PBXBuildFile; fileRef = C9F6E9541B051220008D9911 /* SystemConfiguration.framework */; };
		C9F6E9571B05122F008D9911 /* libz.dylib in Frameworks */ = {isa = PBXBuildFile; fileRef = C9F6E9561B05122F008D9911 /* libz.dylib */; };
		C9F6E9591B05123C008D9911 /* libsqlite3.dylib in Frameworks */ = {isa = PBXBuildFile; fileRef = C9F6E9581B05123C008D9911 /* libsqlite3.dylib */; };
		C9F6E95B1B0512B2008D9911 /* ParseFacebookUtilsV4.framework in Frameworks */ = {isa = PBXBuildFile; fileRef = C9F6E95A1B0512B2008D9911 /* ParseFacebookUtilsV4.framework */; };
		C9F6E9601B0515DA008D9911 /* FBSDKCoreKit.framework in Frameworks */ = {isa = PBXBuildFile; fileRef = C9F6E95D1B0515DA008D9911 /* FBSDKCoreKit.framework */; };
		C9F6E9611B0515DA008D9911 /* FBSDKLoginKit.framework in Frameworks */ = {isa = PBXBuildFile; fileRef = C9F6E95E1B0515DA008D9911 /* FBSDKLoginKit.framework */; };
		C9F6E9621B0515DA008D9911 /* FBSDKShareKit.framework in Frameworks */ = {isa = PBXBuildFile; fileRef = C9F6E95F1B0515DA008D9911 /* FBSDKShareKit.framework */; };
		C9F6E9651B057CC4008D9911 /* LoginViewController.swift in Sources */ = {isa = PBXBuildFile; fileRef = C9F6E9641B057CC4008D9911 /* LoginViewController.swift */; };
		C9F6E9681B07037F008D9911 /* User.swift in Sources */ = {isa = PBXBuildFile; fileRef = C9F6E9671B07037F008D9911 /* User.swift */; };
		C9F6E96A1B07064C008D9911 /* ProfileViewController.swift in Sources */ = {isa = PBXBuildFile; fileRef = C9F6E9691B07064C008D9911 /* ProfileViewController.swift */; };
/* End PBXBuildFile section */

/* Begin PBXContainerItemProxy section */
		C9F6E9291B02BA2D008D9911 /* PBXContainerItemProxy */ = {
			isa = PBXContainerItemProxy;
			containerPortal = C9F6E9081B02BA2C008D9911 /* Project object */;
			proxyType = 1;
			remoteGlobalIDString = C9F6E90F1B02BA2D008D9911;
			remoteInfo = BoomDate;
		};
/* End PBXContainerItemProxy section */

/* Begin PBXFileReference section */
		C9F6E9101B02BA2D008D9911 /* BoomDate.app */ = {isa = PBXFileReference; explicitFileType = wrapper.application; includeInIndex = 0; path = BoomDate.app; sourceTree = BUILT_PRODUCTS_DIR; };
		C9F6E9141B02BA2D008D9911 /* Info.plist */ = {isa = PBXFileReference; lastKnownFileType = text.plist.xml; path = Info.plist; sourceTree = "<group>"; };
		C9F6E9151B02BA2D008D9911 /* AppDelegate.swift */ = {isa = PBXFileReference; lastKnownFileType = sourcecode.swift; path = AppDelegate.swift; sourceTree = "<group>"; };
		C9F6E9181B02BA2D008D9911 /* BoomDate.xcdatamodel */ = {isa = PBXFileReference; lastKnownFileType = wrapper.xcdatamodel; path = BoomDate.xcdatamodel; sourceTree = "<group>"; };
		C9F6E91A1B02BA2D008D9911 /* ViewController.swift */ = {isa = PBXFileReference; lastKnownFileType = sourcecode.swift; path = ViewController.swift; sourceTree = "<group>"; };
		C9F6E91D1B02BA2D008D9911 /* Base */ = {isa = PBXFileReference; lastKnownFileType = file.storyboard; name = Base; path = Base.lproj/Main.storyboard; sourceTree = "<group>"; };
		C9F6E91F1B02BA2D008D9911 /* Images.xcassets */ = {isa = PBXFileReference; lastKnownFileType = folder.assetcatalog; path = Images.xcassets; sourceTree = "<group>"; };
		C9F6E9221B02BA2D008D9911 /* Base */ = {isa = PBXFileReference; lastKnownFileType = file.xib; name = Base; path = Base.lproj/LaunchScreen.xib; sourceTree = "<group>"; };
		C9F6E9281B02BA2D008D9911 /* BoomDateTests.xctest */ = {isa = PBXFileReference; explicitFileType = wrapper.cfbundle; includeInIndex = 0; path = BoomDateTests.xctest; sourceTree = BUILT_PRODUCTS_DIR; };
		C9F6E92D1B02BA2D008D9911 /* Info.plist */ = {isa = PBXFileReference; lastKnownFileType = text.plist.xml; path = Info.plist; sourceTree = "<group>"; };
		C9F6E92E1B02BA2D008D9911 /* BoomDateTests.swift */ = {isa = PBXFileReference; lastKnownFileType = sourcecode.swift; path = BoomDateTests.swift; sourceTree = "<group>"; };
		C9F6E9391B02BBEB008D9911 /* CardView.swift */ = {isa = PBXFileReference; fileEncoding = 4; lastKnownFileType = sourcecode.swift; path = CardView.swift; sourceTree = "<group>"; };
		C9F6E93B1B02CD81008D9911 /* SwipeView.swift */ = {isa = PBXFileReference; fileEncoding = 4; lastKnownFileType = sourcecode.swift; path = SwipeView.swift; sourceTree = "<group>"; };
		C9F6E93E1B0451F4008D9911 /* CardsViewController.swift */ = {isa = PBXFileReference; fileEncoding = 4; lastKnownFileType = sourcecode.swift; path = CardsViewController.swift; sourceTree = "<group>"; };
		C9F6E9401B05119A008D9911 /* Bolts.framework */ = {isa = PBXFileReference; lastKnownFileType = wrapper.framework; name = Bolts.framework; path = ../BoomDate/Bolts.framework; sourceTree = "<group>"; };
		C9F6E9411B05119A008D9911 /* Parse.framework */ = {isa = PBXFileReference; lastKnownFileType = wrapper.framework; name = Parse.framework; path = ../BoomDate/Parse.framework; sourceTree = "<group>"; };
		C9F6E9441B0511BE008D9911 /* AudioToolbox.framework */ = {isa = PBXFileReference; lastKnownFileType = wrapper.framework; name = AudioToolbox.framework; path = System/Library/Frameworks/AudioToolbox.framework; sourceTree = SDKROOT; };
		C9F6E9461B0511CF008D9911 /* CFNetwork.framework */ = {isa = PBXFileReference; lastKnownFileType = wrapper.framework; name = CFNetwork.framework; path = System/Library/Frameworks/CFNetwork.framework; sourceTree = SDKROOT; };
		C9F6E9481B0511EB008D9911 /* CoreGraphics.framework */ = {isa = PBXFileReference; lastKnownFileType = wrapper.framework; name = CoreGraphics.framework; path = System/Library/Frameworks/CoreGraphics.framework; sourceTree = SDKROOT; };
		C9F6E94A1B0511F2008D9911 /* CoreLocation.framework */ = {isa = PBXFileReference; lastKnownFileType = wrapper.framework; name = CoreLocation.framework; path = System/Library/Frameworks/CoreLocation.framework; sourceTree = SDKROOT; };
		C9F6E94C1B0511F8008D9911 /* MobileCoreServices.framework */ = {isa = PBXFileReference; lastKnownFileType = wrapper.framework; name = MobileCoreServices.framework; path = System/Library/Frameworks/MobileCoreServices.framework; sourceTree = SDKROOT; };
		C9F6E94E1B0511FD008D9911 /* QuartzCore.framework */ = {isa = PBXFileReference; lastKnownFileType = wrapper.framework; name = QuartzCore.framework; path = System/Library/Frameworks/QuartzCore.framework; sourceTree = SDKROOT; };
		C9F6E9501B051203008D9911 /* Security.framework */ = {isa = PBXFileReference; lastKnownFileType = wrapper.framework; name = Security.framework; path = System/Library/Frameworks/Security.framework; sourceTree = SDKROOT; };
		C9F6E9521B05120B008D9911 /* StoreKit.framework */ = {isa = PBXFileReference; lastKnownFileType = wrapper.framework; name = StoreKit.framework; path = System/Library/Frameworks/StoreKit.framework; sourceTree = SDKROOT; };
		C9F6E9541B051220008D9911 /* SystemConfiguration.framework */ = {isa = PBXFileReference; lastKnownFileType = wrapper.framework; name = SystemConfiguration.framework; path = System/Library/Frameworks/SystemConfiguration.framework; sourceTree = SDKROOT; };
		C9F6E9561B05122F008D9911 /* libz.dylib */ = {isa = PBXFileReference; lastKnownFileType = "compiled.mach-o.dylib"; name = libz.dylib; path = usr/lib/libz.dylib; sourceTree = SDKROOT; };
		C9F6E9581B05123C008D9911 /* libsqlite3.dylib */ = {isa = PBXFileReference; lastKnownFileType = "compiled.mach-o.dylib"; name = libsqlite3.dylib; path = usr/lib/libsqlite3.dylib; sourceTree = SDKROOT; };
		C9F6E95A1B0512B2008D9911 /* ParseFacebookUtilsV4.framework */ = {isa = PBXFileReference; lastKnownFileType = wrapper.framework; name = ParseFacebookUtilsV4.framework; path = ../BoomDate/ParseFacebookUtilsV4.framework; sourceTree = "<group>"; };
		C9F6E95D1B0515DA008D9911 /* FBSDKCoreKit.framework */ = {isa = PBXFileReference; lastKnownFileType = wrapper.framework; name = FBSDKCoreKit.framework; path = ../../../FacebookSDK/FBSDKCoreKit.framework; sourceTree = "<group>"; };
		C9F6E95E1B0515DA008D9911 /* FBSDKLoginKit.framework */ = {isa = PBXFileReference; lastKnownFileType = wrapper.framework; name = FBSDKLoginKit.framework; path = ../../../FacebookSDK/FBSDKLoginKit.framework; sourceTree = "<group>"; };
		C9F6E95F1B0515DA008D9911 /* FBSDKShareKit.framework */ = {isa = PBXFileReference; lastKnownFileType = wrapper.framework; name = FBSDKShareKit.framework; path = ../../../FacebookSDK/FBSDKShareKit.framework; sourceTree = "<group>"; };
		C9F6E9631B057212008D9911 /* Brindging-Header.h */ = {isa = PBXFileReference; lastKnownFileType = sourcecode.c.h; path = "Brindging-Header.h"; sourceTree = "<group>"; };
		C9F6E9641B057CC4008D9911 /* LoginViewController.swift */ = {isa = PBXFileReference; fileEncoding = 4; lastKnownFileType = sourcecode.swift; path = LoginViewController.swift; sourceTree = "<group>"; };
		C9F6E9671B07037F008D9911 /* User.swift */ = {isa = PBXFileReference; fileEncoding = 4; lastKnownFileType = sourcecode.swift; path = User.swift; sourceTree = "<group>"; };
		C9F6E9691B07064C008D9911 /* ProfileViewController.swift */ = {isa = PBXFileReference; fileEncoding = 4; lastKnownFileType = sourcecode.swift; path = ProfileViewController.swift; sourceTree = "<group>"; };
/* End PBXFileReference section */

/* Begin PBXFrameworksBuildPhase section */
		C9F6E90D1B02BA2D008D9911 /* Frameworks */ = {
			isa = PBXFrameworksBuildPhase;
			buildActionMask = 2147483647;
			files = (
				C9F6E9591B05123C008D9911 /* libsqlite3.dylib in Frameworks */,
				C9F6E9571B05122F008D9911 /* libz.dylib in Frameworks */,
				C9F6E9621B0515DA008D9911 /* FBSDKShareKit.framework in Frameworks */,
				C9F6E95B1B0512B2008D9911 /* ParseFacebookUtilsV4.framework in Frameworks */,
				C9F6E9551B051220008D9911 /* SystemConfiguration.framework in Frameworks */,
				C9F6E9531B05120B008D9911 /* StoreKit.framework in Frameworks */,
				C9F6E9511B051203008D9911 /* Security.framework in Frameworks */,
				C9F6E94F1B0511FD008D9911 /* QuartzCore.framework in Frameworks */,
				C9F6E94D1B0511F8008D9911 /* MobileCoreServices.framework in Frameworks */,
				C9F6E94B1B0511F2008D9911 /* CoreLocation.framework in Frameworks */,
				C9F6E9491B0511EB008D9911 /* CoreGraphics.framework in Frameworks */,
				C9F6E9601B0515DA008D9911 /* FBSDKCoreKit.framework in Frameworks */,
				C9F6E9471B0511CF008D9911 /* CFNetwork.framework in Frameworks */,
				C9F6E9451B0511BE008D9911 /* AudioToolbox.framework in Frameworks */,
				C9F6E9431B05119A008D9911 /* Parse.framework in Frameworks */,
				C9F6E9611B0515DA008D9911 /* FBSDKLoginKit.framework in Frameworks */,
				C9F6E9421B05119A008D9911 /* Bolts.framework in Frameworks */,
			);
			runOnlyForDeploymentPostprocessing = 0;
		};
		C9F6E9251B02BA2D008D9911 /* Frameworks */ = {
			isa = PBXFrameworksBuildPhase;
			buildActionMask = 2147483647;
			files = (
			);
			runOnlyForDeploymentPostprocessing = 0;
		};
/* End PBXFrameworksBuildPhase section */

/* Begin PBXGroup section */
		C9F6E9071B02BA2C008D9911 = {
			isa = PBXGroup;
			children = (
				C9F6E9121B02BA2D008D9911 /* BoomDate */,
				C9F6E92B1B02BA2D008D9911 /* BoomDateTests */,
				C9F6E9111B02BA2D008D9911 /* Products */,
			);
			sourceTree = "<group>";
		};
		C9F6E9111B02BA2D008D9911 /* Products */ = {
			isa = PBXGroup;
			children = (
				C9F6E9101B02BA2D008D9911 /* BoomDate.app */,
				C9F6E9281B02BA2D008D9911 /* BoomDateTests.xctest */,
			);
			name = Products;
			sourceTree = "<group>";
		};
		C9F6E9121B02BA2D008D9911 /* BoomDate */ = {
			isa = PBXGroup;
			children = (
				C9F6E9151B02BA2D008D9911 /* AppDelegate.swift */,
				C9F6E9661B070371008D9911 /* Data */,
				C9F6E9381B02BBBF008D9911 /* Views */,
				C9F6E93D1B0451B2008D9911 /* ViewControllers */,
				C9F6E91C1B02BA2D008D9911 /* Main.storyboard */,
				C9F6E91F1B02BA2D008D9911 /* Images.xcassets */,
				C9F6E9211B02BA2D008D9911 /* LaunchScreen.xib */,
				C9F6E9171B02BA2D008D9911 /* BoomDate.xcdatamodeld */,
				C9F6E95C1B0512DD008D9911 /* Frameworks */,
				C9F6E9131B02BA2D008D9911 /* Supporting Files */,
			);
			path = BoomDate;
			sourceTree = "<group>";
		};
		C9F6E9131B02BA2D008D9911 /* Supporting Files */ = {
			isa = PBXGroup;
			children = (
				C9F6E9631B057212008D9911 /* Brindging-Header.h */,
				C9F6E9141B02BA2D008D9911 /* Info.plist */,
			);
			name = "Supporting Files";
			sourceTree = "<group>";
		};
		C9F6E92B1B02BA2D008D9911 /* BoomDateTests */ = {
			isa = PBXGroup;
			children = (
				C9F6E92E1B02BA2D008D9911 /* BoomDateTests.swift */,
				C9F6E92C1B02BA2D008D9911 /* Supporting Files */,
			);
			path = BoomDateTests;
			sourceTree = "<group>";
		};
		C9F6E92C1B02BA2D008D9911 /* Supporting Files */ = {
			isa = PBXGroup;
			children = (
				C9F6E92D1B02BA2D008D9911 /* Info.plist */,
			);
			name = "Supporting Files";
			sourceTree = "<group>";
		};
		C9F6E9381B02BBBF008D9911 /* Views */ = {
			isa = PBXGroup;
			children = (
				C9F6E9391B02BBEB008D9911 /* CardView.swift */,
				C9F6E93B1B02CD81008D9911 /* SwipeView.swift */,
			);
			name = Views;
			sourceTree = "<group>";
		};
		C9F6E93D1B0451B2008D9911 /* ViewControllers */ = {
			isa = PBXGroup;
			children = (
				C9F6E91A1B02BA2D008D9911 /* ViewController.swift */,
				C9F6E93E1B0451F4008D9911 /* CardsViewController.swift */,
				C9F6E9641B057CC4008D9911 /* LoginViewController.swift */,
				C9F6E9691B07064C008D9911 /* ProfileViewController.swift */,
			);
			name = ViewControllers;
			sourceTree = "<group>";
		};
		C9F6E95C1B0512DD008D9911 /* Frameworks */ = {
			isa = PBXGroup;
			children = (
				C9F6E9581B05123C008D9911 /* libsqlite3.dylib */,
				C9F6E9561B05122F008D9911 /* libz.dylib */,
				C9F6E95D1B0515DA008D9911 /* FBSDKCoreKit.framework */,
				C9F6E95E1B0515DA008D9911 /* FBSDKLoginKit.framework */,
				C9F6E95F1B0515DA008D9911 /* FBSDKShareKit.framework */,
				C9F6E9541B051220008D9911 /* SystemConfiguration.framework */,
				C9F6E9521B05120B008D9911 /* StoreKit.framework */,
				C9F6E9501B051203008D9911 /* Security.framework */,
				C9F6E94E1B0511FD008D9911 /* QuartzCore.framework */,
				C9F6E94C1B0511F8008D9911 /* MobileCoreServices.framework */,
				C9F6E94A1B0511F2008D9911 /* CoreLocation.framework */,
				C9F6E9481B0511EB008D9911 /* CoreGraphics.framework */,
				C9F6E9461B0511CF008D9911 /* CFNetwork.framework */,
				C9F6E9441B0511BE008D9911 /* AudioToolbox.framework */,
				C9F6E95A1B0512B2008D9911 /* ParseFacebookUtilsV4.framework */,
				C9F6E9401B05119A008D9911 /* Bolts.framework */,
				C9F6E9411B05119A008D9911 /* Parse.framework */,
			);
			name = Frameworks;
			path = BoomDate.xcodeproj;
			sourceTree = SOURCE_ROOT;
		};
		C9F6E9661B070371008D9911 /* Data */ = {
			isa = PBXGroup;
			children = (
				C9F6E9671B07037F008D9911 /* User.swift */,
			);
			name = Data;
			sourceTree = "<group>";
		};
/* End PBXGroup section */

/* Begin PBXNativeTarget section */
		C9F6E90F1B02BA2D008D9911 /* BoomDate */ = {
			isa = PBXNativeTarget;
			buildConfigurationList = C9F6E9321B02BA2D008D9911 /* Build configuration list for PBXNativeTarget "BoomDate" */;
			buildPhases = (
				C9F6E90C1B02BA2D008D9911 /* Sources */,
				C9F6E90D1B02BA2D008D9911 /* Frameworks */,
				C9F6E90E1B02BA2D008D9911 /* Resources */,
			);
			buildRules = (
			);
			dependencies = (
			);
			name = BoomDate;
			productName = BoomDate;
			productReference = C9F6E9101B02BA2D008D9911 /* BoomDate.app */;
			productType = "com.apple.product-type.application";
		};
		C9F6E9271B02BA2D008D9911 /* BoomDateTests */ = {
			isa = PBXNativeTarget;
			buildConfigurationList = C9F6E9351B02BA2D008D9911 /* Build configuration list for PBXNativeTarget "BoomDateTests" */;
			buildPhases = (
				C9F6E9241B02BA2D008D9911 /* Sources */,
				C9F6E9251B02BA2D008D9911 /* Frameworks */,
				C9F6E9261B02BA2D008D9911 /* Resources */,
			);
			buildRules = (
			);
			dependencies = (
				C9F6E92A1B02BA2D008D9911 /* PBXTargetDependency */,
			);
			name = BoomDateTests;
			productName = BoomDateTests;
			productReference = C9F6E9281B02BA2D008D9911 /* BoomDateTests.xctest */;
			productType = "com.apple.product-type.bundle.unit-test";
		};
/* End PBXNativeTarget section */

/* Begin PBXProject section */
		C9F6E9081B02BA2C008D9911 /* Project object */ = {
			isa = PBXProject;
			attributes = {
				LastUpgradeCheck = 0630;
				ORGANIZATIONNAME = "Robin Somlette";
				TargetAttributes = {
					C9F6E90F1B02BA2D008D9911 = {
						CreatedOnToolsVersion = 6.3.1;
					};
					C9F6E9271B02BA2D008D9911 = {
						CreatedOnToolsVersion = 6.3.1;
						TestTargetID = C9F6E90F1B02BA2D008D9911;
					};
				};
			};
			buildConfigurationList = C9F6E90B1B02BA2C008D9911 /* Build configuration list for PBXProject "BoomDate" */;
			compatibilityVersion = "Xcode 3.2";
			developmentRegion = English;
			hasScannedForEncodings = 0;
			knownRegions = (
				en,
				Base,
			);
			mainGroup = C9F6E9071B02BA2C008D9911;
			productRefGroup = C9F6E9111B02BA2D008D9911 /* Products */;
			projectDirPath = "";
			projectRoot = "";
			targets = (
				C9F6E90F1B02BA2D008D9911 /* BoomDate */,
				C9F6E9271B02BA2D008D9911 /* BoomDateTests */,
			);
		};
/* End PBXProject section */

/* Begin PBXResourcesBuildPhase section */
		C9F6E90E1B02BA2D008D9911 /* Resources */ = {
			isa = PBXResourcesBuildPhase;
			buildActionMask = 2147483647;
			files = (
				C9F6E91E1B02BA2D008D9911 /* Main.storyboard in Resources */,
				C9F6E9231B02BA2D008D9911 /* LaunchScreen.xib in Resources */,
				C9F6E9201B02BA2D008D9911 /* Images.xcassets in Resources */,
			);
			runOnlyForDeploymentPostprocessing = 0;
		};
		C9F6E9261B02BA2D008D9911 /* Resources */ = {
			isa = PBXResourcesBuildPhase;
			buildActionMask = 2147483647;
			files = (
			);
			runOnlyForDeploymentPostprocessing = 0;
		};
/* End PBXResourcesBuildPhase section */

/* Begin PBXSourcesBuildPhase section */
		C9F6E90C1B02BA2D008D9911 /* Sources */ = {
			isa = PBXSourcesBuildPhase;
			buildActionMask = 2147483647;
			files = (
				C9F6E9651B057CC4008D9911 /* LoginViewController.swift in Sources */,
				C9F6E91B1B02BA2D008D9911 /* ViewController.swift in Sources */,
				C9F6E9191B02BA2D008D9911 /* BoomDate.xcdatamodeld in Sources */,
				C9F6E93F1B0451F4008D9911 /* CardsViewController.swift in Sources */,
				C9F6E9681B07037F008D9911 /* User.swift in Sources */,
				C9F6E93A1B02BBEB008D9911 /* CardView.swift in Sources */,
				C9F6E96A1B07064C008D9911 /* ProfileViewController.swift in Sources */,
				C9F6E93C1B02CD81008D9911 /* SwipeView.swift in Sources */,
				C9F6E9161B02BA2D008D9911 /* AppDelegate.swift in Sources */,
			);
			runOnlyForDeploymentPostprocessing = 0;
		};
		C9F6E9241B02BA2D008D9911 /* Sources */ = {
			isa = PBXSourcesBuildPhase;
			buildActionMask = 2147483647;
			files = (
				C9F6E92F1B02BA2D008D9911 /* BoomDateTests.swift in Sources */,
			);
			runOnlyForDeploymentPostprocessing = 0;
		};
/* End PBXSourcesBuildPhase section */

/* Begin PBXTargetDependency section */
		C9F6E92A1B02BA2D008D9911 /* PBXTargetDependency */ = {
			isa = PBXTargetDependency;
			target = C9F6E90F1B02BA2D008D9911 /* BoomDate */;
			targetProxy = C9F6E9291B02BA2D008D9911 /* PBXContainerItemProxy */;
		};
/* End PBXTargetDependency section */

/* Begin PBXVariantGroup section */
		C9F6E91C1B02BA2D008D9911 /* Main.storyboard */ = {
			isa = PBXVariantGroup;
			children = (
				C9F6E91D1B02BA2D008D9911 /* Base */,
			);
			name = Main.storyboard;
			sourceTree = "<group>";
		};
		C9F6E9211B02BA2D008D9911 /* LaunchScreen.xib */ = {
			isa = PBXVariantGroup;
			children = (
				C9F6E9221B02BA2D008D9911 /* Base */,
			);
			name = LaunchScreen.xib;
			sourceTree = "<group>";
		};
/* End PBXVariantGroup section */

/* Begin XCBuildConfiguration section */
		C9F6E9301B02BA2D008D9911 /* Debug */ = {
			isa = XCBuildConfiguration;
			buildSettings = {
				ALWAYS_SEARCH_USER_PATHS = NO;
				CLANG_CXX_LANGUAGE_STANDARD = "gnu++0x";
				CLANG_CXX_LIBRARY = "libc++";
				CLANG_ENABLE_MODULES = YES;
				CLANG_ENABLE_OBJC_ARC = YES;
				CLANG_WARN_BOOL_CONVERSION = YES;
				CLANG_WARN_CONSTANT_CONVERSION = YES;
				CLANG_WARN_DIRECT_OBJC_ISA_USAGE = YES_ERROR;
				CLANG_WARN_EMPTY_BODY = YES;
				CLANG_WARN_ENUM_CONVERSION = YES;
				CLANG_WARN_INT_CONVERSION = YES;
				CLANG_WARN_OBJC_ROOT_CLASS = YES_ERROR;
				CLANG_WARN_UNREACHABLE_CODE = YES;
				CLANG_WARN__DUPLICATE_METHOD_MATCH = YES;
				"CODE_SIGN_IDENTITY[sdk=iphoneos*]" = "iPhone Developer";
				COPY_PHASE_STRIP = NO;
				DEBUG_INFORMATION_FORMAT = "dwarf-with-dsym";
				ENABLE_STRICT_OBJC_MSGSEND = YES;
				GCC_C_LANGUAGE_STANDARD = gnu99;
				GCC_DYNAMIC_NO_PIC = NO;
				GCC_NO_COMMON_BLOCKS = YES;
				GCC_OPTIMIZATION_LEVEL = 0;
				GCC_PREPROCESSOR_DEFINITIONS = (
					"DEBUG=1",
					"$(inherited)",
				);
				GCC_SYMBOLS_PRIVATE_EXTERN = NO;
				GCC_WARN_64_TO_32_BIT_CONVERSION = YES;
				GCC_WARN_ABOUT_RETURN_TYPE = YES_ERROR;
				GCC_WARN_UNDECLARED_SELECTOR = YES;
				GCC_WARN_UNINITIALIZED_AUTOS = YES_AGGRESSIVE;
				GCC_WARN_UNUSED_FUNCTION = YES;
				GCC_WARN_UNUSED_VARIABLE = YES;
				IPHONEOS_DEPLOYMENT_TARGET = 8.3;
				MTL_ENABLE_DEBUG_INFO = YES;
				ONLY_ACTIVE_ARCH = YES;
				SDKROOT = iphoneos;
				SWIFT_OPTIMIZATION_LEVEL = "-Onone";
				TARGETED_DEVICE_FAMILY = "1,2";
			};
			name = Debug;
		};
		C9F6E9311B02BA2D008D9911 /* Release */ = {
			isa = XCBuildConfiguration;
			buildSettings = {
				ALWAYS_SEARCH_USER_PATHS = NO;
				CLANG_CXX_LANGUAGE_STANDARD = "gnu++0x";
				CLANG_CXX_LIBRARY = "libc++";
				CLANG_ENABLE_MODULES = YES;
				CLANG_ENABLE_OBJC_ARC = YES;
				CLANG_WARN_BOOL_CONVERSION = YES;
				CLANG_WARN_CONSTANT_CONVERSION = YES;
				CLANG_WARN_DIRECT_OBJC_ISA_USAGE = YES_ERROR;
				CLANG_WARN_EMPTY_BODY = YES;
				CLANG_WARN_ENUM_CONVERSION = YES;
				CLANG_WARN_INT_CONVERSION = YES;
				CLANG_WARN_OBJC_ROOT_CLASS = YES_ERROR;
				CLANG_WARN_UNREACHABLE_CODE = YES;
				CLANG_WARN__DUPLICATE_METHOD_MATCH = YES;
				"CODE_SIGN_IDENTITY[sdk=iphoneos*]" = "iPhone Developer";
				COPY_PHASE_STRIP = NO;
				DEBUG_INFORMATION_FORMAT = "dwarf-with-dsym";
				ENABLE_NS_ASSERTIONS = NO;
				ENABLE_STRICT_OBJC_MSGSEND = YES;
				GCC_C_LANGUAGE_STANDARD = gnu99;
				GCC_NO_COMMON_BLOCKS = YES;
				GCC_WARN_64_TO_32_BIT_CONVERSION = YES;
				GCC_WARN_ABOUT_RETURN_TYPE = YES_ERROR;
				GCC_WARN_UNDECLARED_SELECTOR = YES;
				GCC_WARN_UNINITIALIZED_AUTOS = YES_AGGRESSIVE;
				GCC_WARN_UNUSED_FUNCTION = YES;
				GCC_WARN_UNUSED_VARIABLE = YES;
				IPHONEOS_DEPLOYMENT_TARGET = 8.3;
				MTL_ENABLE_DEBUG_INFO = NO;
				SDKROOT = iphoneos;
				TARGETED_DEVICE_FAMILY = "1,2";
				VALIDATE_PRODUCT = YES;
			};
			name = Release;
		};
		C9F6E9331B02BA2D008D9911 /* Debug */ = {
			isa = XCBuildConfiguration;
			buildSettings = {
				ASSETCATALOG_COMPILER_APPICON_NAME = AppIcon;
				FRAMEWORK_SEARCH_PATHS = (
					"$(inherited)",
					"$(PROJECT_DIR)/BoomDate",
					/Users/robinsomlette/Documents/FacebookSDK,
				);
				INFOPLIST_FILE = BoomDate/Info.plist;
				LD_RUNPATH_SEARCH_PATHS = "$(inherited) @executable_path/Frameworks";
				PRODUCT_NAME = "$(TARGET_NAME)";
				SWIFT_OBJC_BRIDGING_HEADER = "BoomDate/Brindging-Header.h";
			};
			name = Debug;
		};
		C9F6E9341B02BA2D008D9911 /* Release */ = {
			isa = XCBuildConfiguration;
			buildSettings = {
				ASSETCATALOG_COMPILER_APPICON_NAME = AppIcon;
				FRAMEWORK_SEARCH_PATHS = (
					"$(inherited)",
					"$(PROJECT_DIR)/BoomDate",
					/Users/robinsomlette/Documents/FacebookSDK,
				);
				INFOPLIST_FILE = BoomDate/Info.plist;
				LD_RUNPATH_SEARCH_PATHS = "$(inherited) @executable_path/Frameworks";
				PRODUCT_NAME = "$(TARGET_NAME)";
				SWIFT_OBJC_BRIDGING_HEADER = "BoomDate/Brindging-Header.h";
			};
			name = Release;
		};
		C9F6E9361B02BA2D008D9911 /* Debug */ = {
			isa = XCBuildConfiguration;
			buildSettings = {
				BUNDLE_LOADER = "$(TEST_HOST)";
				FRAMEWORK_SEARCH_PATHS = (
					"$(SDKROOT)/Developer/Library/Frameworks",
					"$(inherited)",
				);
				GCC_PREPROCESSOR_DEFINITIONS = (
					"DEBUG=1",
					"$(inherited)",
				);
				INFOPLIST_FILE = BoomDateTests/Info.plist;
				LD_RUNPATH_SEARCH_PATHS = "$(inherited) @executable_path/Frameworks @loader_path/Frameworks";
				PRODUCT_NAME = "$(TARGET_NAME)";
				TEST_HOST = "$(BUILT_PRODUCTS_DIR)/BoomDate.app/BoomDate";
			};
			name = Debug;
		};
		C9F6E9371B02BA2D008D9911 /* Release */ = {
			isa = XCBuildConfiguration;
			buildSettings = {
				BUNDLE_LOADER = "$(TEST_HOST)";
				FRAMEWORK_SEARCH_PATHS = (
					"$(SDKROOT)/Developer/Library/Frameworks",
					"$(inherited)",
				);
				INFOPLIST_FILE = BoomDateTests/Info.plist;
				LD_RUNPATH_SEARCH_PATHS = "$(inherited) @executable_path/Frameworks @loader_path/Frameworks";
				PRODUCT_NAME = "$(TARGET_NAME)";
				TEST_HOST = "$(BUILT_PRODUCTS_DIR)/BoomDate.app/BoomDate";
			};
			name = Release;
		};
/* End XCBuildConfiguration section */

/* Begin XCConfigurationList section */
		C9F6E90B1B02BA2C008D9911 /* Build configuration list for PBXProject "BoomDate" */ = {
			isa = XCConfigurationList;
			buildConfigurations = (
				C9F6E9301B02BA2D008D9911 /* Debug */,
				C9F6E9311B02BA2D008D9911 /* Release */,
			);
			defaultConfigurationIsVisible = 0;
			defaultConfigurationName = Release;
		};
		C9F6E9321B02BA2D008D9911 /* Build configuration list for PBXNativeTarget "BoomDate" */ = {
			isa = XCConfigurationList;
			buildConfigurations = (
				C9F6E9331B02BA2D008D9911 /* Debug */,
				C9F6E9341B02BA2D008D9911 /* Release */,
			);
			defaultConfigurationIsVisible = 0;
		};
		C9F6E9351B02BA2D008D9911 /* Build configuration list for PBXNativeTarget "BoomDateTests" */ = {
			isa = XCConfigurationList;
			buildConfigurations = (
				C9F6E9361B02BA2D008D9911 /* Debug */,
				C9F6E9371B02BA2D008D9911 /* Release */,
			);
			defaultConfigurationIsVisible = 0;
		};
/* End XCConfigurationList section */

/* Begin XCVersionGroup section */
		C9F6E9171B02BA2D008D9911 /* BoomDate.xcdatamodeld */ = {
			isa = XCVersionGroup;
			children = (
				C9F6E9181B02BA2D008D9911 /* BoomDate.xcdatamodel */,
			);
			currentVersion = C9F6E9181B02BA2D008D9911 /* BoomDate.xcdatamodel */;
			path = BoomDate.xcdatamodeld;
			sourceTree = "<group>";
			versionGroupType = wrapper.xcdatamodel;
		};
/* End XCVersionGroup section */
	};
	rootObject = C9F6E9081B02BA2C008D9911 /* Project object */;
}
